// !$*UTF8*$!
{
	archiveVersion = 1;
	classes = {
	};
	objectVersion = 77;
	objects = {

/* Begin PBXBuildFile section */
		04AD7454600A6F4C21A373A1 /* RuntimeBridge.m in Sources */ = {isa = PBXBuildFile; fileRef = 64A9806DD5359739C5B62112 /* RuntimeBridge.m */; };
		27864213D4D8AE78F5811673 /* main.swift in Sources */ = {isa = PBXBuildFile; fileRef = 8D422873AE4BA492CA54811D /* main.swift */; };
		3828FA2C7B9F94B0911356A4 /* LivecoreWallpaperExtension.swift in Sources */ = {isa = PBXBuildFile; fileRef = 1316E3AE7307831484C97E4E /* LivecoreWallpaperExtension.swift */; };
		5BADCD87088C4F86B3E55311 /* PrivateWallpaperSettings.swift in Sources */ = {isa = PBXBuildFile; fileRef = A9B6C00874619E0FC7C5F1B4 /* PrivateWallpaperSettings.swift */; };
		61325E2F7D28545D827D56E0 /* LivecoreWallpaperProvider.swift in Sources */ = {isa = PBXBuildFile; fileRef = 703B1D981D2C608069E65CE6 /* LivecoreWallpaperProvider.swift */; };
		704471F0C0B357A17C096F9A /* LivecoreWallpaperExtension.appex in Embed ExtensionKit Extensions */ = {isa = PBXBuildFile; fileRef = 255316117574CB68DA99F8B0 /* LivecoreWallpaperExtension.appex */; settings = {ATTRIBUTES = (RemoveHeadersOnCopy, ); }; };
		DAED500484ACE99CE0DC1A69 /* DashboardWindowController.swift in Sources */ = {isa = PBXBuildFile; fileRef = 67787413D04C910763363708 /* DashboardWindowController.swift */; };
		AA1122334455667788990011 /* Assets.xcassets in Resources */ = {isa = PBXBuildFile; fileRef = BB1122334455667788990022 /* Assets.xcassets */; };
/* End PBXBuildFile section */

/* Begin PBXContainerItemProxy section */
		1DFBC94F9C5CC518D4F18AAF /* PBXContainerItemProxy */ = {
			isa = PBXContainerItemProxy;
			containerPortal = 37C2BD22FBD9E1B61F0D54CE /* Project object */;
			proxyType = 1;
			remoteGlobalIDString = 08CDEAAC7833F6A82D0D330F;
			remoteInfo = LivecoreWallpaperExtension;
		};
/* End PBXContainerItemProxy section */

/* Begin PBXCopyFilesBuildPhase section */
		E63D0135465282948CA094D0 /* Embed ExtensionKit Extensions */ = {
			isa = PBXCopyFilesBuildPhase;
			buildActionMask = 2147483647;
			dstPath = "$(EXTENSIONS_FOLDER_PATH)";
			dstSubfolderSpec = 16;
			files = (
				704471F0C0B357A17C096F9A /* LivecoreWallpaperExtension.appex in Embed ExtensionKit Extensions */,
			);
			name = "Embed ExtensionKit Extensions";
			runOnlyForDeploymentPostprocessing = 0;
		};
/* End PBXCopyFilesBuildPhase section */

/* Begin PBXFileReference section */
		1316E3AE7307831484C97E4E /* LivecoreWallpaperExtension.swift */ = {isa = PBXFileReference; lastKnownFileType = sourcecode.swift; path = LivecoreWallpaperExtension.swift; sourceTree = "<group>"; };
		255316117574CB68DA99F8B0 /* LivecoreWallpaperExtension.appex */ = {isa = PBXFileReference; explicitFileType = "wrapper.extensionkit-extension"; includeInIndex = 0; path = LivecoreWallpaperExtension.appex; sourceTree = BUILT_PRODUCTS_DIR; };
		413BD3E62F7A3B789C317A28 /* Livecore.app */ = {isa = PBXFileReference; explicitFileType = wrapper.application; includeInIndex = 0; path = Livecore.app; sourceTree = BUILT_PRODUCTS_DIR; };
		4D07AD3FD581D962D1BAA014 /* Info.plist */ = {isa = PBXFileReference; lastKnownFileType = text.plist; path = Info.plist; sourceTree = "<group>"; };
		4D183AFF8B41F04EECBB69BE /* RuntimeBridge.h */ = {isa = PBXFileReference; lastKnownFileType = sourcecode.c.h; path = RuntimeBridge.h; sourceTree = "<group>"; };
		64A9806DD5359739C5B62112 /* RuntimeBridge.m */ = {isa = PBXFileReference; lastKnownFileType = sourcecode.c.objc; path = RuntimeBridge.m; sourceTree = "<group>"; };
		65E7516061595324F4D56F95 /* Info.plist */ = {isa = PBXFileReference; lastKnownFileType = text.plist; path = Info.plist; sourceTree = "<group>"; };
		67787413D04C910763363708 /* DashboardWindowController.swift */ = {isa = PBXFileReference; lastKnownFileType = sourcecode.swift; path = DashboardWindowController.swift; sourceTree = "<group>"; };
		703B1D981D2C608069E65CE6 /* LivecoreWallpaperProvider.swift */ = {isa = PBXFileReference; lastKnownFileType = sourcecode.swift; path = LivecoreWallpaperProvider.swift; sourceTree = "<group>"; };
		8D422873AE4BA492CA54811D /* main.swift */ = {isa = PBXFileReference; lastKnownFileType = sourcecode.swift; path = main.swift; sourceTree = "<group>"; };
		A9B6C00874619E0FC7C5F1B4 /* PrivateWallpaperSettings.swift */ = {isa = PBXFileReference; lastKnownFileType = sourcecode.swift; path = PrivateWallpaperSettings.swift; sourceTree = "<group>"; };
		DDF1C44BA78129E3D1411028 /* LivecoreWallpaperExtension.entitlements */ = {isa = PBXFileReference; lastKnownFileType = text.plist.entitlements; path = LivecoreWallpaperExtension.entitlements; sourceTree = "<group>"; };
		E4DA6FC9CE599655B91907D7 /* Livecore.entitlements */ = {isa = PBXFileReference; lastKnownFileType = text.plist.entitlements; path = Livecore.entitlements; sourceTree = "<group>"; };
		BB1122334455667788990022 /* Assets.xcassets */ = {isa = PBXFileReference; lastKnownFileType = folder.assetcatalog; path = Assets.xcassets; sourceTree = "<group>"; };
/* End PBXFileReference section */

/* Begin PBXGroup section */
		5705C74900D61CB1BBA1A724 /* Products */ = {
			isa = PBXGroup;
			children = (
				413BD3E62F7A3B789C317A28 /* Livecore.app */,
				255316117574CB68DA99F8B0 /* LivecoreWallpaperExtension.appex */,
			);
			name = Products;
			sourceTree = "<group>";
		};
		A1382369A956486510F00FF5 /* LivecoreWallpaperExtension */ = {
			isa = PBXGroup;
			children = (
				4D07AD3FD581D962D1BAA014 /* Info.plist */,
				DDF1C44BA78129E3D1411028 /* LivecoreWallpaperExtension.entitlements */,
				1316E3AE7307831484C97E4E /* LivecoreWallpaperExtension.swift */,
				4D183AFF8B41F04EECBB69BE /* RuntimeBridge.h */,
				64A9806DD5359739C5B62112 /* RuntimeBridge.m */,
			);
			path = LivecoreWallpaperExtension;
			sourceTree = "<group>";
		};
		B271FDAA0FE522844C6475A9 = {
			isa = PBXGroup;
			children = (
				CBF018829E7189D173AFA3AF /* Livecore */,
				A1382369A956486510F00FF5 /* LivecoreWallpaperExtension */,
				5705C74900D61CB1BBA1A724 /* Products */,
			);
			sourceTree = "<group>";
		};
		CBF018829E7189D173AFA3AF /* Livecore */ = {
			isa = PBXGroup;
			children = (
				67787413D04C910763363708 /* DashboardWindowController.swift */,
				65E7516061595324F4D56F95 /* Info.plist */,
				E4DA6FC9CE599655B91907D7 /* Livecore.entitlements */,
				703B1D981D2C608069E65CE6 /* LivecoreWallpaperProvider.swift */,
				8D422873AE4BA492CA54811D /* main.swift */,
				A9B6C00874619E0FC7C5F1B4 /* PrivateWallpaperSettings.swift */,
				BB1122334455667788990022 /* Assets.xcassets */,
			);
			path = Livecore;
			sourceTree = "<group>";
		};
/* End PBXGroup section */

/* Begin PBXNativeTarget section */
		08CDEAAC7833F6A82D0D330F /* LivecoreWallpaperExtension */ = {
			isa = PBXNativeTarget;
			buildConfigurationList = A336AA4063CE6FB7A4406001 /* Build configuration list for PBXNativeTarget "LivecoreWallpaperExtension" */;
			buildPhases = (
				DA85D81A24E69370706D0F6F /* Sources */,
			);
			buildRules = (
			);
			dependencies = (
			);
			name = LivecoreWallpaperExtension;
			packageProductDependencies = (
			);
			productName = LivecoreWallpaperExtension;
			productReference = 255316117574CB68DA99F8B0 /* LivecoreWallpaperExtension.appex */;
			productType = "com.apple.product-type.extensionkit-extension";
		};
		1F63DF48781826E9AB5FF92B /* Livecore */ = {
			isa = PBXNativeTarget;
			buildConfigurationList = C205EE5FA5300123F6D75374 /* Build configuration list for PBXNativeTarget "Livecore" */;
			buildPhases = (
				9D22943780E79FF80F7F963E /* Sources */,
				11D7820889522ED4F130DC94 /* Resources */,
				E63D0135465282948CA094D0 /* Embed ExtensionKit Extensions */,
			);
			buildRules = (
			);
			dependencies = (
				8E17625CF63E21949FB3C901 /* PBXTargetDependency */,
			);
			name = Livecore;
			packageProductDependencies = (
			);
			productName = Livecore;
			productReference = 413BD3E62F7A3B789C317A28 /* Livecore.app */;
			productType = "com.apple.product-type.application";
		};
/* End PBXNativeTarget section */

/* Begin PBXProject section */
		37C2BD22FBD9E1B61F0D54CE /* Project object */ = {
			isa = PBXProject;
			attributes = {
				BuildIndependentTargetsInParallel = YES;
				LastUpgradeCheck = 2660;
				TargetAttributes = {
					08CDEAAC7833F6A82D0D330F = {
						DevelopmentTeam = "";
						ProvisioningStyle = Manual;
					};
					1F63DF48781826E9AB5FF92B = {
						DevelopmentTeam = "";
						ProvisioningStyle = Manual;
					};
				};
			};
			buildConfigurationList = D92B09C619E4431C05A29E24 /* Build configuration list for PBXProject "Livecore" */;
			developmentRegion = en;
			hasScannedForEncodings = 0;
			knownRegions = (
				Base,
				en,
			);
			mainGroup = B271FDAA0FE522844C6475A9;
			minimizedProjectReferenceProxies = 1;
			preferredProjectObjectVersion = 77;
			productRefGroup = 5705C74900D61CB1BBA1A724 /* Products */;
			projectDirPath = "";
			projectRoot = "";
			targets = (
				1F63DF48781826E9AB5FF92B /* Livecore */,
				08CDEAAC7833F6A82D0D330F /* LivecoreWallpaperExtension */,
			);
		};
/* End PBXProject section */

/* Begin PBXResourcesBuildPhase section */
		11D7820889522ED4F130DC94 /* Resources */ = {
			isa = PBXResourcesBuildPhase;
			buildActionMask = 2147483647;
			files = (
				AA1122334455667788990011 /* Assets.xcassets in Resources */,
			);
			runOnlyForDeploymentPostprocessing = 0;
		};
/* End PBXResourcesBuildPhase section */

/* Begin PBXSourcesBuildPhase section */
		9D22943780E79FF80F7F963E /* Sources */ = {
			isa = PBXSourcesBuildPhase;
			buildActionMask = 2147483647;
			files = (
				DAED500484ACE99CE0DC1A69 /* DashboardWindowController.swift in Sources */,
				61325E2F7D28545D827D56E0 /* LivecoreWallpaperProvider.swift in Sources */,
				5BADCD87088C4F86B3E55311 /* PrivateWallpaperSettings.swift in Sources */,
				27864213D4D8AE78F5811673 /* main.swift in Sources */,
			);
			runOnlyForDeploymentPostprocessing = 0;
		};
		DA85D81A24E69370706D0F6F /* Sources */ = {
			isa = PBXSourcesBuildPhase;
			buildActionMask = 2147483647;
			files = (
				3828FA2C7B9F94B0911356A4 /* LivecoreWallpaperExtension.swift in Sources */,
				04AD7454600A6F4C21A373A1 /* RuntimeBridge.m in Sources */,
			);
			runOnlyForDeploymentPostprocessing = 0;
		};
/* End PBXSourcesBuildPhase section */

/* Begin PBXTargetDependency section */
		8E17625CF63E21949FB3C901 /* PBXTargetDependency */ = {
			isa = PBXTargetDependency;
			target = 08CDEAAC7833F6A82D0D330F /* LivecoreWallpaperExtension */;
			targetProxy = 1DFBC94F9C5CC518D4F18AAF /* PBXContainerItemProxy */;
		};
/* End PBXTargetDependency section */

/* Begin XCBuildConfiguration section */
		01FE1FE6B111C18F82271FE2 /* Release */ = {
			isa = XCBuildConfiguration;
			buildSettings = {
				APPLICATION_EXTENSION_API_ONLY = YES;
				ARCHS = arm64;
				CODE_SIGN_ENTITLEMENTS = LivecoreWallpaperExtension/LivecoreWallpaperExtension.entitlements;
				CODE_SIGN_IDENTITY = "-";
				CODE_SIGN_INJECT_BASE_ENTITLEMENTS = NO;
				CODE_SIGN_STYLE = Manual;
				COMBINE_HIDPI_IMAGES = YES;
				DEAD_CODE_STRIPPING = YES;
				DEVELOPMENT_TEAM = "";
				INFOPLIST_FILE = LivecoreWallpaperExtension/Info.plist;
				LD_RUNPATH_SEARCH_PATHS = (
					"$(inherited)",
					"@executable_path/../../../../Frameworks",
				);
				MACOSX_DEPLOYMENT_TARGET = 26.0;
				PRODUCT_BUNDLE_IDENTIFIER = "com.berkegulacar.Livecore.wallpaper-extension";
				SDKROOT = macosx;
				SKIP_INSTALL = YES;
				SWIFT_OBJC_BRIDGING_HEADER = LivecoreWallpaperExtension/RuntimeBridge.h;
			};
			name = Release;
		};
		36714246AE09C2994A408F63 /* Debug */ = {
			isa = XCBuildConfiguration;
			buildSettings = {
				ALWAYS_SEARCH_USER_PATHS = NO;
				CLANG_ANALYZER_NONNULL = YES;
				CLANG_ANALYZER_NUMBER_OBJECT_CONVERSION = YES_AGGRESSIVE;
				CLANG_CXX_LANGUAGE_STANDARD = "gnu++14";
				CLANG_CXX_LIBRARY = "libc++";
				CLANG_ENABLE_MODULES = YES;
				CLANG_ENABLE_OBJC_ARC = YES;
				CLANG_ENABLE_OBJC_WEAK = YES;
				CLANG_WARN_BLOCK_CAPTURE_AUTORELEASING = YES;
				CLANG_WARN_BOOL_CONVERSION = YES;
				CLANG_WARN_COMMA = YES;
				CLANG_WARN_CONSTANT_CONVERSION = YES;
				CLANG_WARN_DEPRECATED_OBJC_IMPLEMENTATIONS = YES;
				CLANG_WARN_DIRECT_OBJC_ISA_USAGE = YES_ERROR;
				CLANG_WARN_DOCUMENTATION_COMMENTS = YES;
				CLANG_WARN_EMPTY_BODY = YES;
				CLANG_WARN_ENUM_CONVERSION = YES;
				CLANG_WARN_INFINITE_RECURSION = YES;
				CLANG_WARN_INT_CONVERSION = YES;
				CLANG_WARN_NON_LITERAL_NULL_CONVERSION = YES;
				CLANG_WARN_OBJC_IMPLICIT_RETAIN_SELF = YES;
				CLANG_WARN_OBJC_LITERAL_CONVERSION = YES;
				CLANG_WARN_OBJC_ROOT_CLASS = YES_ERROR;
				CLANG_WARN_QUOTED_INCLUDE_IN_FRAMEWORK_HEADER = YES;
				CLANG_WARN_RANGE_LOOP_ANALYSIS = YES;
				CLANG_WARN_STRICT_PROTOTYPES = YES;
				CLANG_WARN_SUSPICIOUS_MOVE = YES;
				CLANG_WARN_UNGUARDED_AVAILABILITY = YES_AGGRESSIVE;
				CLANG_WARN_UNREACHABLE_CODE = YES;
				CLANG_WARN__DUPLICATE_METHOD_MATCH = YES;
				CODE_SIGN_STYLE = Automatic;
				COPY_PHASE_STRIP = NO;
				DEAD_CODE_STRIPPING = YES;
				DEBUG_INFORMATION_FORMAT = dwarf;
				DEVELOPMENT_TEAM = "";
				ENABLE_HARDENED_RUNTIME = YES;
				ENABLE_STRICT_OBJC_MSGSEND = YES;
				ENABLE_TESTABILITY = YES;
				ENABLE_USER_SCRIPT_SANDBOXING = YES;
				GCC_C_LANGUAGE_STANDARD = gnu11;
				GCC_DYNAMIC_NO_PIC = NO;
				GCC_NO_COMMON_BLOCKS = YES;
				GCC_OPTIMIZATION_LEVEL = 0;
				GCC_PREPROCESSOR_DEFINITIONS = (
					"$(inherited)",
					"DEBUG=1",
				);
				GCC_WARN_64_TO_32_BIT_CONVERSION = YES;
				GCC_WARN_ABOUT_RETURN_TYPE = YES_ERROR;
				GCC_WARN_UNDECLARED_SELECTOR = YES;
				GCC_WARN_UNINITIALIZED_AUTOS = YES_AGGRESSIVE;
				GCC_WARN_UNUSED_FUNCTION = YES;
				GCC_WARN_UNUSED_VARIABLE = YES;
				MACOSX_DEPLOYMENT_TARGET = 14.0;
				MTL_ENABLE_DEBUG_INFO = INCLUDE_SOURCE;
				MTL_FAST_MATH = YES;
				ONLY_ACTIVE_ARCH = YES;
				PRODUCT_NAME = "$(TARGET_NAME)";
				SDKROOT = macosx;
				STRING_CATALOG_GENERATE_SYMBOLS = YES;
				SWIFT_ACTIVE_COMPILATION_CONDITIONS = DEBUG;
				SWIFT_OPTIMIZATION_LEVEL = "-Onone";
				SWIFT_VERSION = 5.0;
			};
			name = Debug;
		};
		56182F68A10071BB6FD78956 /* Debug */ = {
			isa = XCBuildConfiguration;
			buildSettings = {
				ARCHS = arm64;
				ASSETCATALOG_COMPILER_APPICON_NAME = AppIcon;
				ASSETCATALOG_COMPILER_GENERATE_ASSET_SYMBOLS = NO;
				ASSETCATALOG_COMPILER_GENERATE_SWIFT_ASSET_SYMBOL_EXTENSIONS = NO;
				CODE_SIGN_ENTITLEMENTS = Livecore/Livecore.entitlements;
				CODE_SIGN_IDENTITY = "-";
				CODE_SIGN_STYLE = Manual;
				COMBINE_HIDPI_IMAGES = YES;
				DEAD_CODE_STRIPPING = YES;
				DEVELOPMENT_TEAM = "";
				FRAMEWORK_SEARCH_PATHS = (
					"$(inherited)",
					"$(SDKROOT)/System/Library/PrivateFrameworks",
				);
				INFOPLIST_FILE = Livecore/Info.plist;
				LD_RUNPATH_SEARCH_PATHS = (
					"$(inherited)",
					"@executable_path/../Frameworks",
				);
				OTHER_LDFLAGS = (
					"$(inherited)",
					"-framework",
					Wallpaper,
					"-framework",
					WallpaperTypes,
				);
				PRODUCT_BUNDLE_IDENTIFIER = com.berkegulacar.Livecore;
				SDKROOT = macosx;
				SWIFT_INCLUDE_PATHS = "$(SRCROOT)/PrivateModules";
			};
			name = Debug;
		};
		6018C420A613FD2A4F5EB120 /* Release */ = {
			isa = XCBuildConfiguration;
			buildSettings = {
				ARCHS = arm64;
				ASSETCATALOG_COMPILER_APPICON_NAME = AppIcon;
				ASSETCATALOG_COMPILER_GENERATE_ASSET_SYMBOLS = NO;
				ASSETCATALOG_COMPILER_GENERATE_SWIFT_ASSET_SYMBOL_EXTENSIONS = NO;
				CODE_SIGN_ENTITLEMENTS = Livecore/Livecore.entitlements;
				CODE_SIGN_IDENTITY = "-";
				CODE_SIGN_INJECT_BASE_ENTITLEMENTS = NO;
				CODE_SIGN_STYLE = Manual;
				COMBINE_HIDPI_IMAGES = YES;
				DEAD_CODE_STRIPPING = YES;
				DEVELOPMENT_TEAM = "";
				FRAMEWORK_SEARCH_PATHS = (
					"$(inherited)",
					"$(SDKROOT)/System/Library/PrivateFrameworks",
				);
				INFOPLIST_FILE = Livecore/Info.plist;
				LD_RUNPATH_SEARCH_PATHS = (
					"$(inherited)",
					"@executable_path/../Frameworks",
				);
				OTHER_LDFLAGS = (
					"$(inherited)",
					"-framework",
					Wallpaper,
					"-framework",
					WallpaperTypes,
				);
				PRODUCT_BUNDLE_IDENTIFIER = com.berkegulacar.Livecore;
				SDKROOT = macosx;
				SWIFT_INCLUDE_PATHS = "$(SRCROOT)/PrivateModules";
			};
			name = Release;
		};
		B47A2CAE3C61B06DA504D0AF /* Release */ = {
			isa = XCBuildConfiguration;
			buildSettings = {
				ALWAYS_SEARCH_USER_PATHS = NO;
				ARCHS = arm64;
				CLANG_ANALYZER_NONNULL = YES;
				CLANG_ANALYZER_NUMBER_OBJECT_CONVERSION = YES_AGGRESSIVE;
				CLANG_CXX_LANGUAGE_STANDARD = "gnu++14";
				CLANG_CXX_LIBRARY = "libc++";
				CLANG_ENABLE_MODULES = YES;
				CLANG_ENABLE_OBJC_ARC = YES;
				CLANG_ENABLE_OBJC_WEAK = YES;
				CLANG_WARN_BLOCK_CAPTURE_AUTORELEASING = YES;
				CLANG_WARN_BOOL_CONVERSION = YES;
				CLANG_WARN_COMMA = YES;
				CLANG_WARN_CONSTANT_CONVERSION = YES;
				CLANG_WARN_DEPRECATED_OBJC_IMPLEMENTATIONS = YES;
				CLANG_WARN_DIRECT_OBJC_ISA_USAGE = YES_ERROR;
				CLANG_WARN_DOCUMENTATION_COMMENTS = YES;
				CLANG_WARN_EMPTY_BODY = YES;
				CLANG_WARN_ENUM_CONVERSION = YES;
				CLANG_WARN_INFINITE_RECURSION = YES;
				CLANG_WARN_INT_CONVERSION = YES;
				CLANG_WARN_NON_LITERAL_NULL_CONVERSION = YES;
				CLANG_WARN_OBJC_IMPLICIT_RETAIN_SELF = YES;
				CLANG_WARN_OBJC_LITERAL_CONVERSION = YES;
				CLANG_WARN_OBJC_ROOT_CLASS = YES_ERROR;
				CLANG_WARN_QUOTED_INCLUDE_IN_FRAMEWORK_HEADER = YES;
				CLANG_WARN_RANGE_LOOP_ANALYSIS = YES;
				CLANG_WARN_STRICT_PROTOTYPES = YES;
				CLANG_WARN_SUSPICIOUS_MOVE = YES;
				CLANG_WARN_UNGUARDED_AVAILABILITY = YES_AGGRESSIVE;
				CLANG_WARN_UNREACHABLE_CODE = YES;
				CLANG_WARN__DUPLICATE_METHOD_MATCH = YES;
				CODE_SIGN_STYLE = Automatic;
				COPY_PHASE_STRIP = NO;
				DEAD_CODE_STRIPPING = YES;
				DEBUG_INFORMATION_FORMAT = "dwarf-with-dsym";
				DEVELOPMENT_TEAM = "";
				ENABLE_HARDENED_RUNTIME = YES;
				ENABLE_NS_ASSERTIONS = NO;
				ENABLE_STRICT_OBJC_MSGSEND = YES;
				ENABLE_USER_SCRIPT_SANDBOXING = YES;
				GCC_C_LANGUAGE_STANDARD = gnu11;
				GCC_NO_COMMON_BLOCKS = YES;
				GCC_WARN_64_TO_32_BIT_CONVERSION = YES;
				GCC_WARN_ABOUT_RETURN_TYPE = YES_ERROR;
				GCC_WARN_UNDECLARED_SELECTOR = YES;
				GCC_WARN_UNINITIALIZED_AUTOS = YES_AGGRESSIVE;
				GCC_WARN_UNUSED_FUNCTION = YES;
				GCC_WARN_UNUSED_VARIABLE = YES;
				MACOSX_DEPLOYMENT_TARGET = 14.0;
				MTL_ENABLE_DEBUG_INFO = NO;
				MTL_FAST_MATH = YES;
				PRODUCT_NAME = "$(TARGET_NAME)";
				SDKROOT = macosx;
				STRING_CATALOG_GENERATE_SYMBOLS = YES;
				SWIFT_COMPILATION_MODE = wholemodule;
				SWIFT_OPTIMIZATION_LEVEL = "-O";
				SWIFT_VERSION = 5.0;
			};
			name = Release;
		};
		CDFAED58A90C253D3943DD64 /* Debug */ = {
			isa = XCBuildConfiguration;
			buildSettings = {
				APPLICATION_EXTENSION_API_ONLY = YES;
				ARCHS = arm64;
				CODE_SIGN_ENTITLEMENTS = LivecoreWallpaperExtension/LivecoreWallpaperExtension.entitlements;
				CODE_SIGN_IDENTITY = "-";
				CODE_SIGN_STYLE = Manual;
				COMBINE_HIDPI_IMAGES = YES;
				DEAD_CODE_STRIPPING = YES;
				DEVELOPMENT_TEAM = "";
				INFOPLIST_FILE = LivecoreWallpaperExtension/Info.plist;
				LD_RUNPATH_SEARCH_PATHS = (
					"$(inherited)",
					"@executable_path/../../../../Frameworks",
				);
				MACOSX_DEPLOYMENT_TARGET = 26.0;
				PRODUCT_BUNDLE_IDENTIFIER = "com.berkegulacar.Livecore.wallpaper-extension.debug";
				SDKROOT = macosx;
				SKIP_INSTALL = YES;
				SWIFT_OBJC_BRIDGING_HEADER = LivecoreWallpaperExtension/RuntimeBridge.h;
			};
			name = Debug;
		};
/* End XCBuildConfiguration section */

/* Begin XCConfigurationList section */
		A336AA4063CE6FB7A4406001 /* Build configuration list for PBXNativeTarget "LivecoreWallpaperExtension" */ = {
			isa = XCConfigurationList;
			buildConfigurations = (
				CDFAED58A90C253D3943DD64 /* Debug */,
				01FE1FE6B111C18F82271FE2 /* Release */,
			);
			defaultConfigurationIsVisible = 0;
			defaultConfigurationName = Debug;
		};
		C205EE5FA5300123F6D75374 /* Build configuration list for PBXNativeTarget "Livecore" */ = {
			isa = XCConfigurationList;
			buildConfigurations = (
				56182F68A10071BB6FD78956 /* Debug */,
				6018C420A613FD2A4F5EB120 /* Release */,
			);
			defaultConfigurationIsVisible = 0;
			defaultConfigurationName = Debug;
		};
		D92B09C619E4431C05A29E24 /* Build configuration list for PBXProject "Livecore" */ = {
			isa = XCConfigurationList;
			buildConfigurations = (
				36714246AE09C2994A408F63 /* Debug */,
				B47A2CAE3C61B06DA504D0AF /* Release */,
			);
			defaultConfigurationIsVisible = 0;
			defaultConfigurationName = Debug;
		};
/* End XCConfigurationList section */
	};
	rootObject = 37C2BD22FBD9E1B61F0D54CE /* Project object */;
}
